// !$*UTF8*$!
{
	archiveVersion = 1;
	classes = {
	};
	objectVersion = 55;
	objects = {

/* Begin PBXBuildFile section */
		9E1E2EFD285E08F100ADFAFF /* ExpenseTrackerApp.swift in Sources */ = {isa = PBXBuildFile; fileRef = 9E1E2EFC285E08F100ADFAFF /* ExpenseTrackerApp.swift */; };
		9E1E2EFF285E08F100ADFAFF /* ContentView.swift in Sources */ = {isa = PBXBuildFile; fileRef = 9E1E2EFE285E08F100ADFAFF /* ContentView.swift */; };
		9E1E2F01285E08F300ADFAFF /* Assets.xcassets in Resources */ = {isa = PBXBuildFile; fileRef = 9E1E2F00285E08F300ADFAFF /* Assets.xcassets */; };
		9E1E2F04285E08F300ADFAFF /* Preview Assets.xcassets in Resources */ = {isa = PBXBuildFile; fileRef = 9E1E2F03285E08F300ADFAFF /* Preview Assets.xcassets */; };
		9E1E2F0E285E08F300ADFAFF /* ExpenseTrackerTests.swift in Sources */ = {isa = PBXBuildFile; fileRef = 9E1E2F0D285E08F300ADFAFF /* ExpenseTrackerTests.swift */; };
		9E1E2F18285E08F300ADFAFF /* ExpenseTrackerUITests.swift in Sources */ = {isa = PBXBuildFile; fileRef = 9E1E2F17285E08F300ADFAFF /* ExpenseTrackerUITests.swift */; };
		9E1E2F1A285E08F300ADFAFF /* ExpenseTrackerUITestsLaunchTests.swift in Sources */ = {isa = PBXBuildFile; fileRef = 9E1E2F19285E08F300ADFAFF /* ExpenseTrackerUITestsLaunchTests.swift */; };
		9E1E2F27285E0AFE00ADFAFF /* Extensions.swift in Sources */ = {isa = PBXBuildFile; fileRef = 9E1E2F26285E0AFE00ADFAFF /* Extensions.swift */; };
		9E1E2F29285E0D2000ADFAFF /* TransactionModel.swift in Sources */ = {isa = PBXBuildFile; fileRef = 9E1E2F28285E0D2000ADFAFF /* TransactionModel.swift */; };
		9E1E2F2B285E0E0A00ADFAFF /* PreviewData.swift in Sources */ = {isa = PBXBuildFile; fileRef = 9E1E2F2A285E0E0A00ADFAFF /* PreviewData.swift */; };
		9E1E2F2D285E0ECC00ADFAFF /* TransactionRow.swift in Sources */ = {isa = PBXBuildFile; fileRef = 9E1E2F2C285E0ECC00ADFAFF /* TransactionRow.swift */; };
/* End PBXBuildFile section */

/* Begin PBXContainerItemProxy section */
		9E1E2F0A285E08F300ADFAFF /* PBXContainerItemProxy */ = {
			isa = PBXContainerItemProxy;
			containerPortal = 9E1E2EF1285E08F000ADFAFF /* Project object */;
			proxyType = 1;
			remoteGlobalIDString = 9E1E2EF8285E08F000ADFAFF;
			remoteInfo = ExpenseTracker;
		};
		9E1E2F14285E08F300ADFAFF /* PBXContainerItemProxy */ = {
			isa = PBXContainerItemProxy;
			containerPortal = 9E1E2EF1285E08F000ADFAFF /* Project object */;
			proxyType = 1;
			remoteGlobalIDString = 9E1E2EF8285E08F000ADFAFF;
			remoteInfo = ExpenseTracker;
		};
/* End PBXContainerItemProxy section */

/* Begin PBXFileReference section */
		9E1E2EF9285E08F000ADFAFF /* ExpenseTracker.app */ = {isa = PBXFileReference; explicitFileType = wrapper.application; includeInIndex = 0; path = ExpenseTracker.app; sourceTree = BUILT_PRODUCTS_DIR; };
		9E1E2EFC285E08F100ADFAFF /* ExpenseTrackerApp.swift */ = {isa = PBXFileReference; lastKnownFileType = sourcecode.swift; path = ExpenseTrackerApp.swift; sourceTree = "<group>"; };
		9E1E2EFE285E08F100ADFAFF /* ContentView.swift */ = {isa = PBXFileReference; lastKnownFileType = sourcecode.swift; path = ContentView.swift; sourceTree = "<group>"; };
		9E1E2F00285E08F300ADFAFF /* Assets.xcassets */ = {isa = PBXFileReference; lastKnownFileType = folder.assetcatalog; path = Assets.xcassets; sourceTree = "<group>"; };
		9E1E2F03285E08F300ADFAFF /* Preview Assets.xcassets */ = {isa = PBXFileReference; lastKnownFileType = folder.assetcatalog; path = "Preview Assets.xcassets"; sourceTree = "<group>"; };
		9E1E2F09285E08F300ADFAFF /* ExpenseTrackerTests.xctest */ = {isa = PBXFileReference; explicitFileType = wrapper.cfbundle; includeInIndex = 0; path = ExpenseTrackerTests.xctest; sourceTree = BUILT_PRODUCTS_DIR; };
		9E1E2F0D285E08F300ADFAFF /* ExpenseTrackerTests.swift */ = {isa = PBXFileReference; lastKnownFileType = sourcecode.swift; path = ExpenseTrackerTests.swift; sourceTree = "<group>"; };
		9E1E2F13285E08F300ADFAFF /* ExpenseTrackerUITests.xctest */ = {isa = PBXFileReference; explicitFileType = wrapper.cfbundle; includeInIndex = 0; path = ExpenseTrackerUITests.xctest; sourceTree = BUILT_PRODUCTS_DIR; };
		9E1E2F17285E08F300ADFAFF /* ExpenseTrackerUITests.swift */ = {isa = PBXFileReference; lastKnownFileType = sourcecode.swift; path = ExpenseTrackerUITests.swift; sourceTree = "<group>"; };
		9E1E2F19285E08F300ADFAFF /* ExpenseTrackerUITestsLaunchTests.swift */ = {isa = PBXFileReference; lastKnownFileType = sourcecode.swift; path = ExpenseTrackerUITestsLaunchTests.swift; sourceTree = "<group>"; };
		9E1E2F26285E0AFE00ADFAFF /* Extensions.swift */ = {isa = PBXFileReference; lastKnownFileType = sourcecode.swift; path = Extensions.swift; sourceTree = "<group>"; };
		9E1E2F28285E0D2000ADFAFF /* TransactionModel.swift */ = {isa = PBXFileReference; lastKnownFileType = sourcecode.swift; path = TransactionModel.swift; sourceTree = "<group>"; };
		9E1E2F2A285E0E0A00ADFAFF /* PreviewData.swift */ = {isa = PBXFileReference; lastKnownFileType = sourcecode.swift; path = PreviewData.swift; sourceTree = "<group>"; };
		9E1E2F2C285E0ECC00ADFAFF /* TransactionRow.swift */ = {isa = PBXFileReference; lastKnownFileType = sourcecode.swift; path = TransactionRow.swift; sourceTree = "<group>"; };
/* End PBXFileReference section */

/* Begin PBXFrameworksBuildPhase section */
		9E1E2EF6285E08F000ADFAFF /* Frameworks */ = {
			isa = PBXFrameworksBuildPhase;
			buildActionMask = 2147483647;
			files = (
			);
			runOnlyForDeploymentPostprocessing = 0;
		};
		9E1E2F06285E08F300ADFAFF /* Frameworks */ = {
			isa = PBXFrameworksBuildPhase;
			buildActionMask = 2147483647;
			files = (
			);
			runOnlyForDeploymentPostprocessing = 0;
		};
		9E1E2F10285E08F300ADFAFF /* Frameworks */ = {
			isa = PBXFrameworksBuildPhase;
			buildActionMask = 2147483647;
			files = (
			);
			runOnlyForDeploymentPostprocessing = 0;
		};
/* End PBXFrameworksBuildPhase section */

/* Begin PBXGroup section */
		9E1E2EF0285E08F000ADFAFF = {
			isa = PBXGroup;
			children = (
				9E1E2EFB285E08F000ADFAFF /* ExpenseTracker */,
				9E1E2F0C285E08F300ADFAFF /* ExpenseTrackerTests */,
				9E1E2F16285E08F300ADFAFF /* ExpenseTrackerUITests */,
				9E1E2EFA285E08F000ADFAFF /* Products */,
			);
			sourceTree = "<group>";
		};
		9E1E2EFA285E08F000ADFAFF /* Products */ = {
			isa = PBXGroup;
			children = (
				9E1E2EF9285E08F000ADFAFF /* ExpenseTracker.app */,
				9E1E2F09285E08F300ADFAFF /* ExpenseTrackerTests.xctest */,
				9E1E2F13285E08F300ADFAFF /* ExpenseTrackerUITests.xctest */,
			);
			name = Products;
			sourceTree = "<group>";
		};
		9E1E2EFB285E08F000ADFAFF /* ExpenseTracker */ = {
			isa = PBXGroup;
			children = (
				9E1E2EFC285E08F100ADFAFF /* ExpenseTrackerApp.swift */,
				9E1E2EFE285E08F100ADFAFF /* ContentView.swift */,
				9E1E2F2C285E0ECC00ADFAFF /* TransactionRow.swift */,
				9E1E2F26285E0AFE00ADFAFF /* Extensions.swift */,
				9E1E2F00285E08F300ADFAFF /* Assets.xcassets */,
				9E1E2F28285E0D2000ADFAFF /* TransactionModel.swift */,
				9E1E2F02285E08F300ADFAFF /* Preview Content */,
			);
			path = ExpenseTracker;
			sourceTree = "<group>";
		};
		9E1E2F02285E08F300ADFAFF /* Preview Content */ = {
			isa = PBXGroup;
			children = (
				9E1E2F03285E08F300ADFAFF /* Preview Assets.xcassets */,
				9E1E2F2A285E0E0A00ADFAFF /* PreviewData.swift */,
			);
			path = "Preview Content";
			sourceTree = "<group>";
		};
		9E1E2F0C285E08F300ADFAFF /* ExpenseTrackerTests */ = {
			isa = PBXGroup;
			children = (
				9E1E2F0D285E08F300ADFAFF /* ExpenseTrackerTests.swift */,
			);
			path = ExpenseTrackerTests;
			sourceTree = "<group>";
		};
		9E1E2F16285E08F300ADFAFF /* ExpenseTrackerUITests */ = {
			isa = PBXGroup;
			children = (
				9E1E2F17285E08F300ADFAFF /* ExpenseTrackerUITests.swift */,
				9E1E2F19285E08F300ADFAFF /* ExpenseTrackerUITestsLaunchTests.swift */,
			);
			path = ExpenseTrackerUITests;
			sourceTree = "<group>";
		};
/* End PBXGroup section */

/* Begin PBXNativeTarget section */
		9E1E2EF8285E08F000ADFAFF /* ExpenseTracker */ = {
			isa = PBXNativeTarget;
			buildConfigurationList = 9E1E2F1D285E08F300ADFAFF /* Build configuration list for PBXNativeTarget "ExpenseTracker" */;
			buildPhases = (
				9E1E2EF5285E08F000ADFAFF /* Sources */,
				9E1E2EF6285E08F000ADFAFF /* Frameworks */,
				9E1E2EF7285E08F000ADFAFF /* Resources */,
			);
			buildRules = (
			);
			dependencies = (
			);
			name = ExpenseTracker;
			productName = ExpenseTracker;
			productReference = 9E1E2EF9285E08F000ADFAFF /* ExpenseTracker.app */;
			productType = "com.apple.product-type.application";
		};
		9E1E2F08285E08F300ADFAFF /* ExpenseTrackerTests */ = {
			isa = PBXNativeTarget;
			buildConfigurationList = 9E1E2F20285E08F300ADFAFF /* Build configuration list for PBXNativeTarget "ExpenseTrackerTests" */;
			buildPhases = (
				9E1E2F05285E08F300ADFAFF /* Sources */,
				9E1E2F06285E08F300ADFAFF /* Frameworks */,
				9E1E2F07285E08F300ADFAFF /* Resources */,
			);
			buildRules = (
			);
			dependencies = (
				9E1E2F0B285E08F300ADFAFF /* PBXTargetDependency */,
			);
			name = ExpenseTrackerTests;
			productName = ExpenseTrackerTests;
			productReference = 9E1E2F09285E08F300ADFAFF /* ExpenseTrackerTests.xctest */;
			productType = "com.apple.product-type.bundle.unit-test";
		};
		9E1E2F12285E08F300ADFAFF /* ExpenseTrackerUITests */ = {
			isa = PBXNativeTarget;
			buildConfigurationList = 9E1E2F23285E08F300ADFAFF /* Build configuration list for PBXNativeTarget "ExpenseTrackerUITests" */;
			buildPhases = (
				9E1E2F0F285E08F300ADFAFF /* Sources */,
				9E1E2F10285E08F300ADFAFF /* Frameworks */,
				9E1E2F11285E08F300ADFAFF /* Resources */,
			);
			buildRules = (
			);
			dependencies = (
				9E1E2F15285E08F300ADFAFF /* PBXTargetDependency */,
			);
			name = ExpenseTrackerUITests;
			productName = ExpenseTrackerUITests;
			productReference = 9E1E2F13285E08F300ADFAFF /* ExpenseTrackerUITests.xctest */;
			productType = "com.apple.product-type.bundle.ui-testing";
		};
/* End PBXNativeTarget section */

/* Begin PBXProject section */
		9E1E2EF1285E08F000ADFAFF /* Project object */ = {
			isa = PBXProject;
			attributes = {
				BuildIndependentTargetsInParallel = 1;
				LastSwiftUpdateCheck = 1340;
				LastUpgradeCheck = 1340;
				TargetAttributes = {
					9E1E2EF8285E08F000ADFAFF = {
						CreatedOnToolsVersion = 13.4.1;
					};
					9E1E2F08285E08F300ADFAFF = {
						CreatedOnToolsVersion = 13.4.1;
						TestTargetID = 9E1E2EF8285E08F000ADFAFF;
					};
					9E1E2F12285E08F300ADFAFF = {
						CreatedOnToolsVersion = 13.4.1;
						TestTargetID = 9E1E2EF8285E08F000ADFAFF;
					};
				};
			};
			buildConfigurationList = 9E1E2EF4285E08F000ADFAFF /* Build configuration list for PBXProject "ExpenseTracker" */;
			compatibilityVersion = "Xcode 13.0";
			developmentRegion = en;
			hasScannedForEncodings = 0;
			knownRegions = (
				en,
				Base,
			);
			mainGroup = 9E1E2EF0285E08F000ADFAFF;
			productRefGroup = 9E1E2EFA285E08F000ADFAFF /* Products */;
			projectDirPath = "";
			projectRoot = "";
			targets = (
				9E1E2EF8285E08F000ADFAFF /* ExpenseTracker */,
				9E1E2F08285E08F300ADFAFF /* ExpenseTrackerTests */,
				9E1E2F12285E08F300ADFAFF /* ExpenseTrackerUITests */,
			);
		};
/* End PBXProject section */

/* Begin PBXResourcesBuildPhase section */
		9E1E2EF7285E08F000ADFAFF /* Resources */ = {
			isa = PBXResourcesBuildPhase;
			buildActionMask = 2147483647;
			files = (
				9E1E2F04285E08F300ADFAFF /* Preview Assets.xcassets in Resources */,
				9E1E2F01285E08F300ADFAFF /* Assets.xcassets in Resources */,
			);
			runOnlyForDeploymentPostprocessing = 0;
		};
		9E1E2F07285E08F300ADFAFF /* Resources */ = {
			isa = PBXResourcesBuildPhase;
			buildActionMask = 2147483647;
			files = (
			);
			runOnlyForDeploymentPostprocessing = 0;
		};
		9E1E2F11285E08F300ADFAFF /* Resources */ = {
			isa = PBXResourcesBuildPhase;
			buildActionMask = 2147483647;
			files = (
			);
			runOnlyForDeploymentPostprocessing = 0;
		};
/* End PBXResourcesBuildPhase section */

/* Begin PBXSourcesBuildPhase section */
		9E1E2EF5285E08F000ADFAFF /* Sources */ = {
			isa = PBXSourcesBuildPhase;
			buildActionMask = 2147483647;
			files = (
				9E1E2F2B285E0E0A00ADFAFF /* PreviewData.swift in Sources */,
				9E1E2F29285E0D2000ADFAFF /* TransactionModel.swift in Sources */,
				9E1E2EFF285E08F100ADFAFF /* ContentView.swift in Sources */,
				9E1E2F2D285E0ECC00ADFAFF /* TransactionRow.swift in Sources */,
				9E1E2F27285E0AFE00ADFAFF /* Extensions.swift in Sources */,
				9E1E2EFD285E08F100ADFAFF /* ExpenseTrackerApp.swift in Sources */,
			);
			runOnlyForDeploymentPostprocessing = 0;
		};
		9E1E2F05285E08F300ADFAFF /* Sources */ = {
			isa = PBXSourcesBuildPhase;
			buildActionMask = 2147483647;
			files = (
				9E1E2F0E285E08F300ADFAFF /* ExpenseTrackerTests.swift in Sources */,
			);
			runOnlyForDeploymentPostprocessing = 0;
		};
		9E1E2F0F285E08F300ADFAFF /* Sources */ = {
			isa = PBXSourcesBuildPhase;
			buildActionMask = 2147483647;
			files = (
				9E1E2F1A285E08F300ADFAFF /* ExpenseTrackerUITestsLaunchTests.swift in Sources */,
				9E1E2F18285E08F300ADFAFF /* ExpenseTrackerUITests.swift in Sources */,
			);
			runOnlyForDeploymentPostprocessing = 0;
		};
/* End PBXSourcesBuildPhase section */

/* Begin PBXTargetDependency section */
		9E1E2F0B285E08F300ADFAFF /* PBXTargetDependency */ = {
			isa = PBXTargetDependency;
			target = 9E1E2EF8285E08F000ADFAFF /* ExpenseTracker */;
			targetProxy = 9E1E2F0A285E08F300ADFAFF /* PBXContainerItemProxy */;
		};
		9E1E2F15285E08F300ADFAFF /* PBXTargetDependency */ = {
			isa = PBXTargetDependency;
			target = 9E1E2EF8285E08F000ADFAFF /* ExpenseTracker */;
			targetProxy = 9E1E2F14285E08F300ADFAFF /* PBXContainerItemProxy */;
		};
/* End PBXTargetDependency section */

/* Begin XCBuildConfiguration section */
		9E1E2F1B285E08F300ADFAFF /* Debug */ = {
			isa = XCBuildConfiguration;
			buildSettings = {
				ALWAYS_SEARCH_USER_PATHS = NO;
				CLANG_ANALYZER_NONNULL = YES;
				CLANG_ANALYZER_NUMBER_OBJECT_CONVERSION = YES_AGGRESSIVE;
				CLANG_CXX_LANGUAGE_STANDARD = "gnu++17";
				CLANG_ENABLE_MODULES = YES;
				CLANG_ENABLE_OBJC_ARC = YES;
				CLANG_ENABLE_OBJC_WEAK = YES;
				CLANG_WARN_BLOCK_CAPTURE_AUTORELEASING = YES;
				CLANG_WARN_BOOL_CONVERSION = YES;
				CLANG_WARN_COMMA = YES;
				CLANG_WARN_CONSTANT_CONVERSION = YES;
				CLANG_WARN_DEPRECATED_OBJC_IMPLEMENTATIONS = YES;
				CLANG_WARN_DIRECT_OBJC_ISA_USAGE = YES_ERROR;
				CLANG_WARN_DOCUMENTATION_COMMENTS = YES;
				CLANG_WARN_EMPTY_BODY = YES;
				CLANG_WARN_ENUM_CONVERSION = YES;
				CLANG_WARN_INFINITE_RECURSION = YES;
				CLANG_WARN_INT_CONVERSION = YES;
				CLANG_WARN_NON_LITERAL_NULL_CONVERSION = YES;
				CLANG_WARN_OBJC_IMPLICIT_RETAIN_SELF = YES;
				CLANG_WARN_OBJC_LITERAL_CONVERSION = YES;
				CLANG_WARN_OBJC_ROOT_CLASS = YES_ERROR;
				CLANG_WARN_QUOTED_INCLUDE_IN_FRAMEWORK_HEADER = YES;
				CLANG_WARN_RANGE_LOOP_ANALYSIS = YES;
				CLANG_WARN_STRICT_PROTOTYPES = YES;
				CLANG_WARN_SUSPICIOUS_MOVE = YES;
				CLANG_WARN_UNGUARDED_AVAILABILITY = YES_AGGRESSIVE;
				CLANG_WARN_UNREACHABLE_CODE = YES;
				CLANG_WARN__DUPLICATE_METHOD_MATCH = YES;
				COPY_PHASE_STRIP = NO;
				DEBUG_INFORMATION_FORMAT = dwarf;
				ENABLE_STRICT_OBJC_MSGSEND = YES;
				ENABLE_TESTABILITY = YES;
				GCC_C_LANGUAGE_STANDARD = gnu11;
				GCC_DYNAMIC_NO_PIC = NO;
				GCC_NO_COMMON_BLOCKS = YES;
				GCC_OPTIMIZATION_LEVEL = 0;
				GCC_PREPROCESSOR_DEFINITIONS = (
					"DEBUG=1",
					"$(inherited)",
				);
				GCC_WARN_64_TO_32_BIT_CONVERSION = YES;
				GCC_WARN_ABOUT_RETURN_TYPE = YES_ERROR;
				GCC_WARN_UNDECLARED_SELECTOR = YES;
				GCC_WARN_UNINITIALIZED_AUTOS = YES_AGGRESSIVE;
				GCC_WARN_UNUSED_FUNCTION = YES;
				GCC_WARN_UNUSED_VARIABLE = YES;
				IPHONEOS_DEPLOYMENT_TARGET = 15.5;
				MTL_ENABLE_DEBUG_INFO = INCLUDE_SOURCE;
				MTL_FAST_MATH = YES;
				ONLY_ACTIVE_ARCH = YES;
				SDKROOT = iphoneos;
				SWIFT_ACTIVE_COMPILATION_CONDITIONS = DEBUG;
				SWIFT_OPTIMIZATION_LEVEL = "-Onone";
			};
			name = Debug;
		};
		9E1E2F1C285E08F300ADFAFF /* Release */ = {
			isa = XCBuildConfiguration;
			buildSettings = {
				ALWAYS_SEARCH_USER_PATHS = NO;
				CLANG_ANALYZER_NONNULL = YES;
				CLANG_ANALYZER_NUMBER_OBJECT_CONVERSION = YES_AGGRESSIVE;
				CLANG_CXX_LANGUAGE_STANDARD = "gnu++17";
				CLANG_ENABLE_MODULES = YES;
				CLANG_ENABLE_OBJC_ARC = YES;
				CLANG_ENABLE_OBJC_WEAK = YES;
				CLANG_WARN_BLOCK_CAPTURE_AUTORELEASING = YES;
				CLANG_WARN_BOOL_CONVERSION = YES;
				CLANG_WARN_COMMA = YES;
				CLANG_WARN_CONSTANT_CONVERSION = YES;
				CLANG_WARN_DEPRECATED_OBJC_IMPLEMENTATIONS = YES;
				CLANG_WARN_DIRECT_OBJC_ISA_USAGE = YES_ERROR;
				CLANG_WARN_DOCUMENTATION_COMMENTS = YES;
				CLANG_WARN_EMPTY_BODY = YES;
				CLANG_WARN_ENUM_CONVERSION = YES;
				CLANG_WARN_INFINITE_RECURSION = YES;
				CLANG_WARN_INT_CONVERSION = YES;
				CLANG_WARN_NON_LITERAL_NULL_CONVERSION = YES;
				CLANG_WARN_OBJC_IMPLICIT_RETAIN_SELF = YES;
				CLANG_WARN_OBJC_LITERAL_CONVERSION = YES;
				CLANG_WARN_OBJC_ROOT_CLASS = YES_ERROR;
				CLANG_WARN_QUOTED_INCLUDE_IN_FRAMEWORK_HEADER = YES;
				CLANG_WARN_RANGE_LOOP_ANALYSIS = YES;
				CLANG_WARN_STRICT_PROTOTYPES = YES;
				CLANG_WARN_SUSPICIOUS_MOVE = YES;
				CLANG_WARN_UNGUARDED_AVAILABILITY = YES_AGGRESSIVE;
				CLANG_WARN_UNREACHABLE_CODE = YES;
				CLANG_WARN__DUPLICATE_METHOD_MATCH = YES;
				COPY_PHASE_STRIP = NO;
				DEBUG_INFORMATION_FORMAT = "dwarf-with-dsym";
				ENABLE_NS_ASSERTIONS = NO;
				ENABLE_STRICT_OBJC_MSGSEND = YES;
				GCC_C_LANGUAGE_STANDARD = gnu11;
				GCC_NO_COMMON_BLOCKS = YES;
				GCC_WARN_64_TO_32_BIT_CONVERSION = YES;
				GCC_WARN_ABOUT_RETURN_TYPE = YES_ERROR;
				GCC_WARN_UNDECLARED_SELECTOR = YES;
				GCC_WARN_UNINITIALIZED_AUTOS = YES_AGGRESSIVE;
				GCC_WARN_UNUSED_FUNCTION = YES;
				GCC_WARN_UNUSED_VARIABLE = YES;
				IPHONEOS_DEPLOYMENT_TARGET = 15.5;
				MTL_ENABLE_DEBUG_INFO = NO;
				MTL_FAST_MATH = YES;
				SDKROOT = iphoneos;
				SWIFT_COMPILATION_MODE = wholemodule;
				SWIFT_OPTIMIZATION_LEVEL = "-O";
				VALIDATE_PRODUCT = YES;
			};
			name = Release;
		};
		9E1E2F1E285E08F300ADFAFF /* Debug */ = {
			isa = XCBuildConfiguration;
			buildSettings = {
				ASSETCATALOG_COMPILER_APPICON_NAME = AppIcon;
				ASSETCATALOG_COMPILER_GLOBAL_ACCENT_COLOR_NAME = AccentColor;
				CODE_SIGN_STYLE = Automatic;
				CURRENT_PROJECT_VERSION = 1;
				DEVELOPMENT_ASSET_PATHS = "\"ExpenseTracker/Preview Content\"";
				ENABLE_PREVIEWS = YES;
				GENERATE_INFOPLIST_FILE = YES;
				INFOPLIST_KEY_UIApplicationSceneManifest_Generation = YES;
				INFOPLIST_KEY_UIApplicationSupportsIndirectInputEvents = YES;
				INFOPLIST_KEY_UILaunchScreen_Generation = YES;
				INFOPLIST_KEY_UISupportedInterfaceOrientations_iPad = "UIInterfaceOrientationPortrait UIInterfaceOrientationPortraitUpsideDown UIInterfaceOrientationLandscapeLeft UIInterfaceOrientationLandscapeRight";
				INFOPLIST_KEY_UISupportedInterfaceOrientations_iPhone = "UIInterfaceOrientationPortrait UIInterfaceOrientationLandscapeLeft UIInterfaceOrientationLandscapeRight";
				LD_RUNPATH_SEARCH_PATHS = (
					"$(inherited)",
					"@executable_path/Frameworks",
				);
				MARKETING_VERSION = 1.0;
				PRODUCT_BUNDLE_IDENTIFIER = Joshua.ExpenseTracker;
				PRODUCT_NAME = "$(TARGET_NAME)";
				SWIFT_EMIT_LOC_STRINGS = YES;
				SWIFT_VERSION = 5.0;
				TARGETED_DEVICE_FAMILY = "1,2";
			};
			name = Debug;
		};
		9E1E2F1F285E08F300ADFAFF /* Release */ = {
			isa = XCBuildConfiguration;
			buildSettings = {
				ASSETCATALOG_COMPILER_APPICON_NAME = AppIcon;
				ASSETCATALOG_COMPILER_GLOBAL_ACCENT_COLOR_NAME = AccentColor;
				CODE_SIGN_STYLE = Automatic;
				CURRENT_PROJECT_VERSION = 1;
				DEVELOPMENT_ASSET_PATHS = "\"ExpenseTracker/Preview Content\"";
				ENABLE_PREVIEWS = YES;
				GENERATE_INFOPLIST_FILE = YES;
				INFOPLIST_KEY_UIApplicationSceneManifest_Generation = YES;
				INFOPLIST_KEY_UIApplicationSupportsIndirectInputEvents = YES;
				INFOPLIST_KEY_UILaunchScreen_Generation = YES;
				INFOPLIST_KEY_UISupportedInterfaceOrientations_iPad = "UIInterfaceOrientationPortrait UIInterfaceOrientationPortraitUpsideDown UIInterfaceOrientationLandscapeLeft UIInterfaceOrientationLandscapeRight";
				INFOPLIST_KEY_UISupportedInterfaceOrientations_iPhone = "UIInterfaceOrientationPortrait UIInterfaceOrientationLandscapeLeft UIInterfaceOrientationLandscapeRight";
				LD_RUNPATH_SEARCH_PATHS = (
					"$(inherited)",
					"@executable_path/Frameworks",
				);
				MARKETING_VERSION = 1.0;
				PRODUCT_BUNDLE_IDENTIFIER = Joshua.ExpenseTracker;
				PRODUCT_NAME = "$(TARGET_NAME)";
				SWIFT_EMIT_LOC_STRINGS = YES;
				SWIFT_VERSION = 5.0;
				TARGETED_DEVICE_FAMILY = "1,2";
			};
			name = Release;
		};
		9E1E2F21285E08F300ADFAFF /* Debug */ = {
			isa = XCBuildConfiguration;
			buildSettings = {
				ALWAYS_EMBED_SWIFT_STANDARD_LIBRARIES = YES;
				BUNDLE_LOADER = "$(TEST_HOST)";
				CODE_SIGN_STYLE = Automatic;
				CURRENT_PROJECT_VERSION = 1;
				GENERATE_INFOPLIST_FILE = YES;
				IPHONEOS_DEPLOYMENT_TARGET = 15.5;
				MARKETING_VERSION = 1.0;
				PRODUCT_BUNDLE_IDENTIFIER = Joshua.ExpenseTrackerTests;
				PRODUCT_NAME = "$(TARGET_NAME)";
				SWIFT_EMIT_LOC_STRINGS = NO;
				SWIFT_VERSION = 5.0;
				TARGETED_DEVICE_FAMILY = "1,2";
				TEST_HOST = "$(BUILT_PRODUCTS_DIR)/ExpenseTracker.app/ExpenseTracker";
			};
			name = Debug;
		};
		9E1E2F22285E08F300ADFAFF /* Release */ = {
			isa = XCBuildConfiguration;
			buildSettings = {
				ALWAYS_EMBED_SWIFT_STANDARD_LIBRARIES = YES;
				BUNDLE_LOADER = "$(TEST_HOST)";
				CODE_SIGN_STYLE = Automatic;
				CURRENT_PROJECT_VERSION = 1;
				GENERATE_INFOPLIST_FILE = YES;
				IPHONEOS_DEPLOYMENT_TARGET = 15.5;
				MARKETING_VERSION = 1.0;
				PRODUCT_BUNDLE_IDENTIFIER = Joshua.ExpenseTrackerTests;
				PRODUCT_NAME = "$(TARGET_NAME)";
				SWIFT_EMIT_LOC_STRINGS = NO;
				SWIFT_VERSION = 5.0;
				TARGETED_DEVICE_FAMILY = "1,2";
				TEST_HOST = "$(BUILT_PRODUCTS_DIR)/ExpenseTracker.app/ExpenseTracker";
			};
			name = Release;
		};
		9E1E2F24285E08F300ADFAFF /* Debug */ = {
			isa = XCBuildConfiguration;
			buildSettings = {
				ALWAYS_EMBED_SWIFT_STANDARD_LIBRARIES = YES;
				CODE_SIGN_STYLE = Automatic;
				CURRENT_PROJECT_VERSION = 1;
				GENERATE_INFOPLIST_FILE = YES;
				MARKETING_VERSION = 1.0;
				PRODUCT_BUNDLE_IDENTIFIER = Joshua.ExpenseTrackerUITests;
				PRODUCT_NAME = "$(TARGET_NAME)";
				SWIFT_EMIT_LOC_STRINGS = NO;
				SWIFT_VERSION = 5.0;
				TARGETED_DEVICE_FAMILY = "1,2";
				TEST_TARGET_NAME = ExpenseTracker;
			};
			name = Debug;
		};
		9E1E2F25285E08F300ADFAFF /* Release */ = {
			isa = XCBuildConfiguration;
			buildSettings = {
				ALWAYS_EMBED_SWIFT_STANDARD_LIBRARIES = YES;
				CODE_SIGN_STYLE = Automatic;
				CURRENT_PROJECT_VERSION = 1;
				GENERATE_INFOPLIST_FILE = YES;
				MARKETING_VERSION = 1.0;
				PRODUCT_BUNDLE_IDENTIFIER = Joshua.ExpenseTrackerUITests;
				PRODUCT_NAME = "$(TARGET_NAME)";
				SWIFT_EMIT_LOC_STRINGS = NO;
				SWIFT_VERSION = 5.0;
				TARGETED_DEVICE_FAMILY = "1,2";
				TEST_TARGET_NAME = ExpenseTracker;
			};
			name = Release;
		};
/* End XCBuildConfiguration section */

/* Begin XCConfigurationList section */
		9E1E2EF4285E08F000ADFAFF /* Build configuration list for PBXProject "ExpenseTracker" */ = {
			isa = XCConfigurationList;
			buildConfigurations = (
				9E1E2F1B285E08F300ADFAFF /* Debug */,
				9E1E2F1C285E08F300ADFAFF /* Release */,
			);
			defaultConfigurationIsVisible = 0;
			defaultConfigurationName = Release;
		};
		9E1E2F1D285E08F300ADFAFF /* Build configuration list for PBXNativeTarget "ExpenseTracker" */ = {
			isa = XCConfigurationList;
			buildConfigurations = (
				9E1E2F1E285E08F300ADFAFF /* Debug */,
				9E1E2F1F285E08F300ADFAFF /* Release */,
			);
			defaultConfigurationIsVisible = 0;
			defaultConfigurationName = Release;
		};
		9E1E2F20285E08F300ADFAFF /* Build configuration list for PBXNativeTarget "ExpenseTrackerTests" */ = {
			isa = XCConfigurationList;
			buildConfigurations = (
				9E1E2F21285E08F300ADFAFF /* Debug */,
				9E1E2F22285E08F300ADFAFF /* Release */,
			);
			defaultConfigurationIsVisible = 0;
			defaultConfigurationName = Release;
		};
		9E1E2F23285E08F300ADFAFF /* Build configuration list for PBXNativeTarget "ExpenseTrackerUITests" */ = {
			isa = XCConfigurationList;
			buildConfigurations = (
				9E1E2F24285E08F300ADFAFF /* Debug */,
				9E1E2F25285E08F300ADFAFF /* Release */,
			);
			defaultConfigurationIsVisible = 0;
			defaultConfigurationName = Release;
		};
/* End XCConfigurationList section */
	};
	rootObject = 9E1E2EF1285E08F000ADFAFF /* Project object */;
}
